// !$*UTF8*$!
{
	archiveVersion = 1;
	classes = {
	};
	objectVersion = 50;
	objects = {

/* Begin PBXBuildFile section */
		F7CC913F24781A04009326A6 /* AppDelegate.swift in Sources */ = {isa = PBXBuildFile; fileRef = F7CC913E24781A04009326A6 /* AppDelegate.swift */; };
		F7CC914124781A04009326A6 /* SceneDelegate.swift in Sources */ = {isa = PBXBuildFile; fileRef = F7CC914024781A04009326A6 /* SceneDelegate.swift */; };
		F7CC914324781A04009326A6 /* ViewController.swift in Sources */ = {isa = PBXBuildFile; fileRef = F7CC914224781A04009326A6 /* ViewController.swift */; };
		F7CC914624781A04009326A6 /* Main.storyboard in Resources */ = {isa = PBXBuildFile; fileRef = F7CC914424781A04009326A6 /* Main.storyboard */; };
		F7CC914824781A06009326A6 /* Assets.xcassets in Resources */ = {isa = PBXBuildFile; fileRef = F7CC914724781A06009326A6 /* Assets.xcassets */; };
		F7CC914B24781A06009326A6 /* LaunchScreen.storyboard in Resources */ = {isa = PBXBuildFile; fileRef = F7CC914924781A06009326A6 /* LaunchScreen.storyboard */; };
		F7CC915624781A06009326A6 /* UnitTestsWithQuick_2_18Tests.swift in Sources */ = {isa = PBXBuildFile; fileRef = F7CC915524781A06009326A6 /* UnitTestsWithQuick_2_18Tests.swift */; };
/* End PBXBuildFile section */

/* Begin PBXContainerItemProxy section */
		F7CC915224781A06009326A6 /* PBXContainerItemProxy */ = {
			isa = PBXContainerItemProxy;
			containerPortal = F7CC913324781A04009326A6 /* Project object */;
			proxyType = 1;
			remoteGlobalIDString = F7CC913A24781A04009326A6;
			remoteInfo = UnitTestsWithQuick_2_18;
		};
/* End PBXContainerItemProxy section */

/* Begin PBXFileReference section */
		F7CC913B24781A04009326A6 /* UnitTestsWithQuick_2_18.app */ = {isa = PBXFileReference; explicitFileType = wrapper.application; includeInIndex = 0; path = UnitTestsWithQuick_2_18.app; sourceTree = BUILT_PRODUCTS_DIR; };
		F7CC913E24781A04009326A6 /* AppDelegate.swift */ = {isa = PBXFileReference; lastKnownFileType = sourcecode.swift; path = AppDelegate.swift; sourceTree = "<group>"; };
		F7CC914024781A04009326A6 /* SceneDelegate.swift */ = {isa = PBXFileReference; lastKnownFileType = sourcecode.swift; path = SceneDelegate.swift; sourceTree = "<group>"; };
		F7CC914224781A04009326A6 /* ViewController.swift */ = {isa = PBXFileReference; lastKnownFileType = sourcecode.swift; path = ViewController.swift; sourceTree = "<group>"; };
		F7CC914524781A04009326A6 /* Base */ = {isa = PBXFileReference; lastKnownFileType = file.storyboard; name = Base; path = Base.lproj/Main.storyboard; sourceTree = "<group>"; };
		F7CC914724781A06009326A6 /* Assets.xcassets */ = {isa = PBXFileReference; lastKnownFileType = folder.assetcatalog; path = Assets.xcassets; sourceTree = "<group>"; };
		F7CC914A24781A06009326A6 /* Base */ = {isa = PBXFileReference; lastKnownFileType = file.storyboard; name = Base; path = Base.lproj/LaunchScreen.storyboard; sourceTree = "<group>"; };
		F7CC914C24781A06009326A6 /* Info.plist */ = {isa = PBXFileReference; lastKnownFileType = text.plist.xml; path = Info.plist; sourceTree = "<group>"; };
		F7CC915124781A06009326A6 /* UnitTestsWithQuick_2_18Tests.xctest */ = {isa = PBXFileReference; explicitFileType = wrapper.cfbundle; includeInIndex = 0; path = UnitTestsWithQuick_2_18Tests.xctest; sourceTree = BUILT_PRODUCTS_DIR; };
		F7CC915524781A06009326A6 /* UnitTestsWithQuick_2_18Tests.swift */ = {isa = PBXFileReference; lastKnownFileType = sourcecode.swift; path = UnitTestsWithQuick_2_18Tests.swift; sourceTree = "<group>"; };
		F7CC915724781A06009326A6 /* Info.plist */ = {isa = PBXFileReference; lastKnownFileType = text.plist.xml; path = Info.plist; sourceTree = "<group>"; };
/* End PBXFileReference section */

/* Begin PBXFrameworksBuildPhase section */
		F7CC913824781A04009326A6 /* Frameworks */ = {
			isa = PBXFrameworksBuildPhase;
			buildActionMask = 2147483647;
			files = (
			);
			runOnlyForDeploymentPostprocessing = 0;
		};
		F7CC914E24781A06009326A6 /* Frameworks */ = {
			isa = PBXFrameworksBuildPhase;
			buildActionMask = 2147483647;
			files = (
			);
			runOnlyForDeploymentPostprocessing = 0;
		};
/* End PBXFrameworksBuildPhase section */

/* Begin PBXGroup section */
		F7CC913224781A04009326A6 = {
			isa = PBXGroup;
			children = (
				F7CC913D24781A04009326A6 /* UnitTestsWithQuick_2_18 */,
				F7CC915424781A06009326A6 /* UnitTestsWithQuick_2_18Tests */,
				F7CC913C24781A04009326A6 /* Products */,
			);
			sourceTree = "<group>";
		};
		F7CC913C24781A04009326A6 /* Products */ = {
			isa = PBXGroup;
			children = (
				F7CC913B24781A04009326A6 /* UnitTestsWithQuick_2_18.app */,
				F7CC915124781A06009326A6 /* UnitTestsWithQuick_2_18Tests.xctest */,
			);
			name = Products;
			sourceTree = "<group>";
		};
		F7CC913D24781A04009326A6 /* UnitTestsWithQuick_2_18 */ = {
			isa = PBXGroup;
			children = (
				F7CC913E24781A04009326A6 /* AppDelegate.swift */,
				F7CC914024781A04009326A6 /* SceneDelegate.swift */,
				F7CC914224781A04009326A6 /* ViewController.swift */,
				F7CC914424781A04009326A6 /* Main.storyboard */,
				F7CC914724781A06009326A6 /* Assets.xcassets */,
				F7CC914924781A06009326A6 /* LaunchScreen.storyboard */,
				F7CC914C24781A06009326A6 /* Info.plist */,
			);
			path = UnitTestsWithQuick_2_18;
			sourceTree = "<group>";
		};
		F7CC915424781A06009326A6 /* UnitTestsWithQuick_2_18Tests */ = {
			isa = PBXGroup;
			children = (
				F7CC915524781A06009326A6 /* UnitTestsWithQuick_2_18Tests.swift */,
				F7CC915724781A06009326A6 /* Info.plist */,
			);
			path = UnitTestsWithQuick_2_18Tests;
			sourceTree = "<group>";
		};
/* End PBXGroup section */

/* Begin PBXNativeTarget section */
		F7CC913A24781A04009326A6 /* UnitTestsWithQuick_2_18 */ = {
			isa = PBXNativeTarget;
			buildConfigurationList = F7CC915A24781A06009326A6 /* Build configuration list for PBXNativeTarget "UnitTestsWithQuick_2_18" */;
			buildPhases = (
				F7CC913724781A04009326A6 /* Sources */,
				F7CC913824781A04009326A6 /* Frameworks */,
				F7CC913924781A04009326A6 /* Resources */,
			);
			buildRules = (
			);
			dependencies = (
			);
			name = UnitTestsWithQuick_2_18;
			productName = UnitTestsWithQuick_2_18;
			productReference = F7CC913B24781A04009326A6 /* UnitTestsWithQuick_2_18.app */;
			productType = "com.apple.product-type.application";
		};
		F7CC915024781A06009326A6 /* UnitTestsWithQuick_2_18Tests */ = {
			isa = PBXNativeTarget;
			buildConfigurationList = F7CC915D24781A06009326A6 /* Build configuration list for PBXNativeTarget "UnitTestsWithQuick_2_18Tests" */;
			buildPhases = (
				F7CC914D24781A06009326A6 /* Sources */,
				F7CC914E24781A06009326A6 /* Frameworks */,
				F7CC914F24781A06009326A6 /* Resources */,
			);
			buildRules = (
			);
			dependencies = (
				F7CC915324781A06009326A6 /* PBXTargetDependency */,
			);
			name = UnitTestsWithQuick_2_18Tests;
			productName = UnitTestsWithQuick_2_18Tests;
			productReference = F7CC915124781A06009326A6 /* UnitTestsWithQuick_2_18Tests.xctest */;
			productType = "com.apple.product-type.bundle.unit-test";
		};
/* End PBXNativeTarget section */

/* Begin PBXProject section */
		F7CC913324781A04009326A6 /* Project object */ = {
			isa = PBXProject;
			attributes = {
				LastSwiftUpdateCheck = 1140;
				LastUpgradeCheck = 1140;
				ORGANIZATIONNAME = LY;
				TargetAttributes = {
					F7CC913A24781A04009326A6 = {
						CreatedOnToolsVersion = 11.4.1;
					};
					F7CC915024781A06009326A6 = {
						CreatedOnToolsVersion = 11.4.1;
						TestTargetID = F7CC913A24781A04009326A6;
					};
				};
			};
			buildConfigurationList = F7CC913624781A04009326A6 /* Build configuration list for PBXProject "UnitTestsWithQuick_2_18" */;
			compatibilityVersion = "Xcode 9.3";
			developmentRegion = en;
			hasScannedForEncodings = 0;
			knownRegions = (
				en,
				Base,
			);
			mainGroup = F7CC913224781A04009326A6;
			productRefGroup = F7CC913C24781A04009326A6 /* Products */;
			projectDirPath = "";
			projectRoot = "";
			targets = (
				F7CC913A24781A04009326A6 /* UnitTestsWithQuick_2_18 */,
				F7CC915024781A06009326A6 /* UnitTestsWithQuick_2_18Tests */,
			);
		};
/* End PBXProject section */

/* Begin PBXResourcesBuildPhase section */
		F7CC913924781A04009326A6 /* Resources */ = {
			isa = PBXResourcesBuildPhase;
			buildActionMask = 2147483647;
			files = (
				F7CC914B24781A06009326A6 /* LaunchScreen.storyboard in Resources */,
				F7CC914824781A06009326A6 /* Assets.xcassets in Resources */,
				F7CC914624781A04009326A6 /* Main.storyboard in Resources */,
			);
			runOnlyForDeploymentPostprocessing = 0;
		};
		F7CC914F24781A06009326A6 /* Resources */ = {
			isa = PBXResourcesBuildPhase;
			buildActionMask = 2147483647;
			files = (
			);
			runOnlyForDeploymentPostprocessing = 0;
		};
/* End PBXResourcesBuildPhase section */

/* Begin PBXSourcesBuildPhase section */
		F7CC913724781A04009326A6 /* Sources */ = {
			isa = PBXSourcesBuildPhase;
			buildActionMask = 2147483647;
			files = (
				F7CC914324781A04009326A6 /* ViewController.swift in Sources */,
				F7CC913F24781A04009326A6 /* AppDelegate.swift in Sources */,
				F7CC914124781A04009326A6 /* SceneDelegate.swift in Sources */,
			);
			runOnlyForDeploymentPostprocessing = 0;
		};
		F7CC914D24781A06009326A6 /* Sources */ = {
			isa = PBXSourcesBuildPhase;
			buildActionMask = 2147483647;
			files = (
				F7CC915624781A06009326A6 /* UnitTestsWithQuick_2_18Tests.swift in Sources */,
			);
			runOnlyForDeploymentPostprocessing = 0;
		};
/* End PBXSourcesBuildPhase section */

/* Begin PBXTargetDependency section */
		F7CC915324781A06009326A6 /* PBXTargetDependency */ = {
			isa = PBXTargetDependency;
			target = F7CC913A24781A04009326A6 /* UnitTestsWithQuick_2_18 */;
			targetProxy = F7CC915224781A06009326A6 /* PBXContainerItemProxy */;
		};
/* End PBXTargetDependency section */

/* Begin PBXVariantGroup section */
		F7CC914424781A04009326A6 /* Main.storyboard */ = {
			isa = PBXVariantGroup;
			children = (
				F7CC914524781A04009326A6 /* Base */,
			);
			name = Main.storyboard;
			sourceTree = "<group>";
		};
		F7CC914924781A06009326A6 /* LaunchScreen.storyboard */ = {
			isa = PBXVariantGroup;
			children = (
				F7CC914A24781A06009326A6 /* Base */,
			);
			name = LaunchScreen.storyboard;
			sourceTree = "<group>";
		};
/* End PBXVariantGroup section */

/* Begin XCBuildConfiguration section */
		F7CC915824781A06009326A6 /* Debug */ = {
			isa = XCBuildConfiguration;
			buildSettings = {
				ALWAYS_SEARCH_USER_PATHS = NO;
				CLANG_ANALYZER_NONNULL = YES;
				CLANG_ANALYZER_NUMBER_OBJECT_CONVERSION = YES_AGGRESSIVE;
				CLANG_CXX_LANGUAGE_STANDARD = "gnu++14";
				CLANG_CXX_LIBRARY = "libc++";
				CLANG_ENABLE_MODULES = YES;
				CLANG_ENABLE_OBJC_ARC = YES;
				CLANG_ENABLE_OBJC_WEAK = YES;
				CLANG_WARN_BLOCK_CAPTURE_AUTORELEASING = YES;
				CLANG_WARN_BOOL_CONVERSION = YES;
				CLANG_WARN_COMMA = YES;
				CLANG_WARN_CONSTANT_CONVERSION = YES;
				CLANG_WARN_DEPRECATED_OBJC_IMPLEMENTATIONS = YES;
				CLANG_WARN_DIRECT_OBJC_ISA_USAGE = YES_ERROR;
				CLANG_WARN_DOCUMENTATION_COMMENTS = YES;
				CLANG_WARN_EMPTY_BODY = YES;
				CLANG_WARN_ENUM_CONVERSION = YES;
				CLANG_WARN_INFINITE_RECURSION = YES;
				CLANG_WARN_INT_CONVERSION = YES;
				CLANG_WARN_NON_LITERAL_NULL_CONVERSION = YES;
				CLANG_WARN_OBJC_IMPLICIT_RETAIN_SELF = YES;
				CLANG_WARN_OBJC_LITERAL_CONVERSION = YES;
				CLANG_WARN_OBJC_ROOT_CLASS = YES_ERROR;
				CLANG_WARN_RANGE_LOOP_ANALYSIS = YES;
				CLANG_WARN_STRICT_PROTOTYPES = YES;
				CLANG_WARN_SUSPICIOUS_MOVE = YES;
				CLANG_WARN_UNGUARDED_AVAILABILITY = YES_AGGRESSIVE;
				CLANG_WARN_UNREACHABLE_CODE = YES;
				CLANG_WARN__DUPLICATE_METHOD_MATCH = YES;
				COPY_PHASE_STRIP = NO;
				DEBUG_INFORMATION_FORMAT = dwarf;
				ENABLE_STRICT_OBJC_MSGSEND = YES;
				ENABLE_TESTABILITY = YES;
				GCC_C_LANGUAGE_STANDARD = gnu11;
				GCC_DYNAMIC_NO_PIC = NO;
				GCC_NO_COMMON_BLOCKS = YES;
				GCC_OPTIMIZATION_LEVEL = 0;
				GCC_PREPROCESSOR_DEFINITIONS = (
					"DEBUG=1",
					"$(inherited)",
				);
				GCC_WARN_64_TO_32_BIT_CONVERSION = YES;
				GCC_WARN_ABOUT_RETURN_TYPE = YES_ERROR;
				GCC_WARN_UNDECLARED_SELECTOR = YES;
				GCC_WARN_UNINITIALIZED_AUTOS = YES_AGGRESSIVE;
				GCC_WARN_UNUSED_FUNCTION = YES;
				GCC_WARN_UNUSED_VARIABLE = YES;
				IPHONEOS_DEPLOYMENT_TARGET = 13.4;
				MTL_ENABLE_DEBUG_INFO = INCLUDE_SOURCE;
				MTL_FAST_MATH = YES;
				ONLY_ACTIVE_ARCH = YES;
				SDKROOT = iphoneos;
				SWIFT_ACTIVE_COMPILATION_CONDITIONS = DEBUG;
				SWIFT_OPTIMIZATION_LEVEL = "-Onone";
			};
			name = Debug;
		};
		F7CC915924781A06009326A6 /* Release */ = {
			isa = XCBuildConfiguration;
			buildSettings = {
				ALWAYS_SEARCH_USER_PATHS = NO;
				CLANG_ANALYZER_NONNULL = YES;
				CLANG_ANALYZER_NUMBER_OBJECT_CONVERSION = YES_AGGRESSIVE;
				CLANG_CXX_LANGUAGE_STANDARD = "gnu++14";
				CLANG_CXX_LIBRARY = "libc++";
				CLANG_ENABLE_MODULES = YES;
				CLANG_ENABLE_OBJC_ARC = YES;
				CLANG_ENABLE_OBJC_WEAK = YES;
				CLANG_WARN_BLOCK_CAPTURE_AUTORELEASING = YES;
				CLANG_WARN_BOOL_CONVERSION = YES;
				CLANG_WARN_COMMA = YES;
				CLANG_WARN_CONSTANT_CONVERSION = YES;
				CLANG_WARN_DEPRECATED_OBJC_IMPLEMENTATIONS = YES;
				CLANG_WARN_DIRECT_OBJC_ISA_USAGE = YES_ERROR;
				CLANG_WARN_DOCUMENTATION_COMMENTS = YES;
				CLANG_WARN_EMPTY_BODY = YES;
				CLANG_WARN_ENUM_CONVERSION = YES;
				CLANG_WARN_INFINITE_RECURSION = YES;
				CLANG_WARN_INT_CONVERSION = YES;
				CLANG_WARN_NON_LITERAL_NULL_CONVERSION = YES;
				CLANG_WARN_OBJC_IMPLICIT_RETAIN_SELF = YES;
				CLANG_WARN_OBJC_LITERAL_CONVERSION = YES;
				CLANG_WARN_OBJC_ROOT_CLASS = YES_ERROR;
				CLANG_WARN_RANGE_LOOP_ANALYSIS = YES;
				CLANG_WARN_STRICT_PROTOTYPES = YES;
				CLANG_WARN_SUSPICIOUS_MOVE = YES;
				CLANG_WARN_UNGUARDED_AVAILABILITY = YES_AGGRESSIVE;
				CLANG_WARN_UNREACHABLE_CODE = YES;
				CLANG_WARN__DUPLICATE_METHOD_MATCH = YES;
				COPY_PHASE_STRIP = NO;
				DEBUG_INFORMATION_FORMAT = "dwarf-with-dsym";
				ENABLE_NS_ASSERTIONS = NO;
				ENABLE_STRICT_OBJC_MSGSEND = YES;
				GCC_C_LANGUAGE_STANDARD = gnu11;
				GCC_NO_COMMON_BLOCKS = YES;
				GCC_WARN_64_TO_32_BIT_CONVERSION = YES;
				GCC_WARN_ABOUT_RETURN_TYPE = YES_ERROR;
				GCC_WARN_UNDECLARED_SELECTOR = YES;
				GCC_WARN_UNINITIALIZED_AUTOS = YES_AGGRESSIVE;
				GCC_WARN_UNUSED_FUNCTION = YES;
				GCC_WARN_UNUSED_VARIABLE = YES;
				IPHONEOS_DEPLOYMENT_TARGET = 13.4;
				MTL_ENABLE_DEBUG_INFO = NO;
				MTL_FAST_MATH = YES;
				SDKROOT = iphoneos;
				SWIFT_COMPILATION_MODE = wholemodule;
				SWIFT_OPTIMIZATION_LEVEL = "-O";
				VALIDATE_PRODUCT = YES;
			};
			name = Release;
		};
		F7CC915B24781A06009326A6 /* Debug */ = {
			isa = XCBuildConfiguration;
			buildSettings = {
				ASSETCATALOG_COMPILER_APPICON_NAME = AppIcon;
				CODE_SIGN_STYLE = Automatic;
				INFOPLIST_FILE = UnitTestsWithQuick_2_18/Info.plist;
				LD_RUNPATH_SEARCH_PATHS = (
					"$(inherited)",
					"@executable_path/Frameworks",
				);
				PRODUCT_BUNDLE_IDENTIFIER = "LY.UnitTestsWithQuick-2-18";
				PRODUCT_NAME = "$(TARGET_NAME)";
				SWIFT_VERSION = 5.0;
				TARGETED_DEVICE_FAMILY = "1,2";
			};
			name = Debug;
		};
		F7CC915C24781A06009326A6 /* Release */ = {
			isa = XCBuildConfiguration;
			buildSettings = {
				ASSETCATALOG_COMPILER_APPICON_NAME = AppIcon;
				CODE_SIGN_STYLE = Automatic;
				INFOPLIST_FILE = UnitTestsWithQuick_2_18/Info.plist;
				LD_RUNPATH_SEARCH_PATHS = (
					"$(inherited)",
					"@executable_path/Frameworks",
				);
				PRODUCT_BUNDLE_IDENTIFIER = "LY.UnitTestsWithQuick-2-18";
				PRODUCT_NAME = "$(TARGET_NAME)";
				SWIFT_VERSION = 5.0;
				TARGETED_DEVICE_FAMILY = "1,2";
			};
			name = Release;
		};
		F7CC915E24781A06009326A6 /* Debug */ = {
			isa = XCBuildConfiguration;
			buildSettings = {
				ALWAYS_EMBED_SWIFT_STANDARD_LIBRARIES = YES;
				BUNDLE_LOADER = "$(TEST_HOST)";
				CODE_SIGN_STYLE = Automatic;
				INFOPLIST_FILE = UnitTestsWithQuick_2_18Tests/Info.plist;
				IPHONEOS_DEPLOYMENT_TARGET = 13.4;
				LD_RUNPATH_SEARCH_PATHS = (
					"$(inherited)",
					"@executable_path/Frameworks",
					"@loader_path/Frameworks",
				);
				PRODUCT_BUNDLE_IDENTIFIER = "LY.UnitTestsWithQuick-2-18Tests";
				PRODUCT_NAME = "$(TARGET_NAME)";
				SWIFT_VERSION = 5.0;
				TARGETED_DEVICE_FAMILY = "1,2";
				TEST_HOST = "$(BUILT_PRODUCTS_DIR)/UnitTestsWithQuick_2_18.app/UnitTestsWithQuick_2_18";
			};
			name = Debug;
		};
		F7CC915F24781A06009326A6 /* Release */ = {
			isa = XCBuildConfiguration;
			buildSettings = {
				ALWAYS_EMBED_SWIFT_STANDARD_LIBRARIES = YES;
				BUNDLE_LOADER = "$(TEST_HOST)";
				CODE_SIGN_STYLE = Automatic;
				INFOPLIST_FILE = UnitTestsWithQuick_2_18Tests/Info.plist;
				IPHONEOS_DEPLOYMENT_TARGET = 13.4;
				LD_RUNPATH_SEARCH_PATHS = (
					"$(inherited)",
					"@executable_path/Frameworks",
					"@loader_path/Frameworks",
				);
				PRODUCT_BUNDLE_IDENTIFIER = "LY.UnitTestsWithQuick-2-18Tests";
				PRODUCT_NAME = "$(TARGET_NAME)";
				SWIFT_VERSION = 5.0;
				TARGETED_DEVICE_FAMILY = "1,2";
				TEST_HOST = "$(BUILT_PRODUCTS_DIR)/UnitTestsWithQuick_2_18.app/UnitTestsWithQuick_2_18";
			};
			name = Release;
		};
/* End XCBuildConfiguration section */

/* Begin XCConfigurationList section */
		F7CC913624781A04009326A6 /* Build configuration list for PBXProject "UnitTestsWithQuick_2_18" */ = {
			isa = XCConfigurationList;
			buildConfigurations = (
				F7CC915824781A06009326A6 /* Debug */,
				F7CC915924781A06009326A6 /* Release */,
			);
			defaultConfigurationIsVisible = 0;
			defaultConfigurationName = Release;
		};
		F7CC915A24781A06009326A6 /* Build configuration list for PBXNativeTarget "UnitTestsWithQuick_2_18" */ = {
			isa = XCConfigurationList;
			buildConfigurations = (
				F7CC915B24781A06009326A6 /* Debug */,
				F7CC915C24781A06009326A6 /* Release */,
			);
			defaultConfigurationIsVisible = 0;
			defaultConfigurationName = Release;
		};
		F7CC915D24781A06009326A6 /* Build configuration list for PBXNativeTarget "UnitTestsWithQuick_2_18Tests" */ = {
			isa = XCConfigurationList;
			buildConfigurations = (
				F7CC915E24781A06009326A6 /* Debug */,
				F7CC915F24781A06009326A6 /* Release */,
			);
			defaultConfigurationIsVisible = 0;
			defaultConfigurationName = Release;
		};
/* End XCConfigurationList section */
	};
	rootObject = F7CC913324781A04009326A6 /* Project object */;
}
